lockfileVersion: '9.0'

settings:
  autoInstallPeers: true
  excludeLinksFromLockfile: false

importers:

  .:
    dependencies:
      '@flystorage/file-storage':
        specifier: ^1.1.0
        version: 1.1.0
      '@flystorage/local-fs':
        specifier: ^1.1.0
        version: 1.1.0
      find-package-json:
        specifier: ^1.2.0
        version: 1.2.0
    devDependencies:
      '@types/bun':
        specifier: latest
        version: 1.2.18(@types/react@19.1.8)
      '@types/find-package-json':
        specifier: ^1.2.6
        version: 1.2.6

packages:

  '@flystorage/dynamic-import@1.0.0':
    resolution: {integrity: sha512-CIbIUrBdaPFyKnkVBaqzksvzNtsMSXITR/G/6zlil3MBnPFq2LX+X4Mv5p2XOmv/3OulFs/ff2SNb+5dc2Twtg==}

  '@flystorage/file-storage@1.1.0':
    resolution: {integrity: sha512-25Gd5EsXDmhHrK5orpRuVqebQms1Cm9m5ACMZ0sVDX+Sbl1V0G88CbcWt7mEoWRYLvQ1U072htqg6Sav76ZlVA==}

  '@flystorage/local-fs@1.1.0':
    resolution: {integrity: sha512-dbErRhqmCv2UF0zPdeH7iVWuVeTWAJHuJD/mXDe2V370/SL7XIvdE3ditBHWC+1SzBKXJ0lkykOenwlum+oqIA==}
    engines: {node: '>=20.1.0'}

  '@tokenizer/inflate@0.2.7':
    resolution: {integrity: sha512-MADQgmZT1eKjp06jpI2yozxaU9uVs4GzzgSL+uEq7bVcJ9V1ZXQkeGNql1fsSI0gMy1vhvNTNbUqrx+pZfJVmg==}
    engines: {node: '>=18'}

  '@tokenizer/token@0.3.0':
    resolution: {integrity: sha512-OvjF+z51L3ov0OyAU0duzsYuvO01PH7x4t6DJx+guahgTnBHkhJdG7soQeTSFLWN3efnHyibZ4Z8l2EuWwJN3A==}

  '@types/bun@1.2.18':
    resolution: {integrity: sha512-Xf6RaWVheyemaThV0kUfaAUvCNokFr+bH8Jxp+tTZfx7dAPA8z9ePnP9S9+Vspzuxxx9JRAXhnyccRj3GyCMdQ==}

  '@types/find-package-json@1.2.6':
    resolution: {integrity: sha512-ZGsnItMbi56k1DLzI1d1ln8Omt7+WRv8cBsTwXIw58BhuKE7wQUW1Krr6QFj0JT125dW9w6XLALSYOLCj7N8Rg==}

  '@types/node@24.0.14':
    resolution: {integrity: sha512-4zXMWD91vBLGRtHK3YbIoFMia+1nqEz72coM42C5ETjnNCa/heoj7NT1G67iAfOqMmcfhuCZ4uNpyz8EjlAejw==}

  '@types/react@19.1.8':
    resolution: {integrity: sha512-AwAfQ2Wa5bCx9WP8nZL2uMZWod7J7/JSplxbTmBQ5ms6QpqNYm672H0Vu9ZVKVngQ+ii4R/byguVEUZQyeg44g==}

  bun-types@1.2.18:
    resolution: {integrity: sha512-04+Eha5NP7Z0A9YgDAzMk5PHR16ZuLVa83b26kH5+cp1qZW4F6FmAURngE7INf4tKOvCE69vYvDEwoNl1tGiWw==}
    peerDependencies:
      '@types/react': ^19

  csstype@3.1.3:
    resolution: {integrity: sha512-M1uQkMl8rQK/szD0LNhtqxIPLpimGm8sOBwU7lLnCpSbTyY3yeU1Vc7l4KT5zT4s/yOxHH5O7tIuuLOCnLADRw==}

  debug@4.4.1:
    resolution: {integrity: sha512-KcKCqiftBJcZr++7ykoDIEwSa3XWowTfNPo92BYxjXiyYEVrUQh2aLyhxBCwww+heortUFxEJYcRzosstTEBYQ==}
    engines: {node: '>=6.0'}
    peerDependencies:
      supports-color: '*'
    peerDependenciesMeta:
      supports-color:
        optional: true

  fflate@0.8.2:
    resolution: {integrity: sha512-cPJU47OaAoCbg0pBvzsgpTPhmhqI5eJjh/JIu8tPj5q+T7iLvW/JAYUqmE7KOB4R1ZyEhzBaIQpQpardBF5z8A==}

  file-type@20.5.0:
    resolution: {integrity: sha512-BfHZtG/l9iMm4Ecianu7P8HRD2tBHLtjXinm4X62XBOYzi7CYA7jyqfJzOvXHqzVrVPYqBo2/GvbARMaaJkKVg==}
    engines: {node: '>=18'}

  find-package-json@1.2.0:
    resolution: {integrity: sha512-+SOGcLGYDJHtyqHd87ysBhmaeQ95oWspDKnMXBrnQ9Eq4OkLNqejgoaD8xVWu6GPa0B6roa6KinCMEMcVeqONw==}

  ieee754@1.2.1:
    resolution: {integrity: sha512-dcyqhDvX1C46lXZcVqCpK+FtMRQVdIMN6/Df5js2zouUsqG7I6sFxitIC+7KYK29KdXOLHdu9zL4sFnoVQnqaA==}

  mime-db@1.54.0:
    resolution: {integrity: sha512-aU5EJuIN2WDemCcAp2vFBfp/m4EAhWJnUNSSw0ixs7/kXbd6Pg64EmwJkNdFhB8aWt1sH2CTXrLxo/iAGV3oPQ==}
    engines: {node: '>= 0.6'}

  mime-types@3.0.1:
    resolution: {integrity: sha512-xRc4oEhT6eaBpU1XF7AjpOFD+xQmXNB5OVKwp4tqCuBpHLS/ZbBDrc07mYTDqVMg6PfxUjjNp85O6Cd2Z/5HWA==}
    engines: {node: '>= 0.6'}

  ms@2.1.3:
    resolution: {integrity: sha512-6FlzubTLZG3J2a/NVCAleEhjzq5oxgHyaCU9yYXvcLsvoVaHJq/s5xXI6/XXP6tz7R9xAOtHnSO/tXtF3WRTlA==}

  strtok3@10.3.2:
    resolution: {integrity: sha512-or9w505RhhY66+uoe5YOC5QO/bRuATaoim3XTh+pGKx5VMWi/HDhMKuCjDLsLJouU2zg9Hf1nLPcNW7IHv80kQ==}
    engines: {node: '>=18'}

  token-types@6.0.3:
    resolution: {integrity: sha512-IKJ6EzuPPWtKtEIEPpIdXv9j5j2LGJEYk0CKY2efgKoYKLBiZdh6iQkLVBow/CB3phyWAWCyk+bZeaimJn6uRQ==}
    engines: {node: '>=14.16'}

  uint8array-extras@1.4.0:
    resolution: {integrity: sha512-ZPtzy0hu4cZjv3z5NW9gfKnNLjoz4y6uv4HlelAjDK7sY/xOkKZv9xK/WQpcsBB3jEybChz9DPC2U/+cusjJVQ==}
    engines: {node: '>=18'}

  undici-types@7.8.0:
    resolution: {integrity: sha512-9UJ2xGDvQ43tYyVMpuHlsgApydB8ZKfVYTsLDhXkFL/6gfkp+U8xTGdh8pMJv1SpZna0zxG1DwsKZsreLbXBxw==}

snapshots:

  '@flystorage/dynamic-import@1.0.0': {}

  '@flystorage/file-storage@1.1.0': {}

  '@flystorage/local-fs@1.1.0':
    dependencies:
      '@flystorage/dynamic-import': 1.0.0
      '@flystorage/file-storage': 1.1.0
      file-type: 20.5.0
      mime-types: 3.0.1
    transitivePeerDependencies:
      - supports-color

  '@tokenizer/inflate@0.2.7':
    dependencies:
      debug: 4.4.1
      fflate: 0.8.2
      token-types: 6.0.3
    transitivePeerDependencies:
      - supports-color

  '@tokenizer/token@0.3.0': {}

  '@types/bun@1.2.18(@types/react@19.1.8)':
    dependencies:
      bun-types: 1.2.18(@types/react@19.1.8)
    transitivePeerDependencies:
      - '@types/react'

  '@types/find-package-json@1.2.6':
    dependencies:
      '@types/node': 24.0.14

  '@types/node@24.0.14':
    dependencies:
      undici-types: 7.8.0

  '@types/react@19.1.8':
    dependencies:
      csstype: 3.1.3

  bun-types@1.2.18(@types/react@19.1.8):
    dependencies:
      '@types/node': 24.0.14
      '@types/react': 19.1.8

  csstype@3.1.3: {}

  debug@4.4.1:
    dependencies:
      ms: 2.1.3

  fflate@0.8.2: {}

  file-type@20.5.0:
    dependencies:
      '@tokenizer/inflate': 0.2.7
      strtok3: 10.3.2
      token-types: 6.0.3
      uint8array-extras: 1.4.0
    transitivePeerDependencies:
      - supports-color

  find-package-json@1.2.0: {}

  ieee754@1.2.1: {}

  mime-db@1.54.0: {}

  mime-types@3.0.1:
    dependencies:
      mime-db: 1.54.0

  ms@2.1.3: {}

  strtok3@10.3.2:
    dependencies:
      '@tokenizer/token': 0.3.0

  token-types@6.0.3:
    dependencies:
      '@tokenizer/token': 0.3.0
      ieee754: 1.2.1

  uint8array-extras@1.4.0: {}

  undici-types@7.8.0: {}
